// !$*UTF8*$!
{
archiveVersion = 1;
classes = {
};
objectVersion = 56;
objects = {
/* Begin PBXBuildFile section */
A1000001 /* DiscordSenderApp.swift in Sources */ = {isa = PBXBuildFile; fileRef = A1000002; };
A1000003 /* WebhookListView.swift in Sources */ = {isa = PBXBuildFile; fileRef = A1000004; };
A1000005 /* MessageComposerView.swift in Sources */ = {isa = PBXBuildFile; fileRef = A1000006; };
A1000007 /* SchedulerView.swift in Sources */ = {isa = PBXBuildFile; fileRef = A1000008; };
A1000009 /* TaskQueueView.swift in Sources */ = {isa = PBXBuildFile; fileRef = A100000A; };
A100000B /* ExecutionLogsView.swift in Sources */ = {isa = PBXBuildFile; fileRef = A100000C; };
/* End PBXBuildFile section */

/* Begin PBXFileReference section */
A1000002 /* DiscordSenderApp.swift */ = {isa = PBXFileReference; lastKnownFileType = sourcecode.swift; path = DiscordSenderApp.swift; sourceTree = "<group>"; };
A1000004 /* WebhookListView.swift */ = {isa = PBXFileReference; lastKnownFileType = sourcecode.swift; path = WebhookListView.swift; sourceTree = "<group>"; };
A1000006 /* MessageComposerView.swift */ = {isa = PBXFileReference; lastKnownFileType = sourcecode.swift; path = MessageComposerView.swift; sourceTree = "<group>"; };
A1000008 /* SchedulerView.swift */ = {isa = PBXFileReference; lastKnownFileType = sourcecode.swift; path = SchedulerView.swift; sourceTree = "<group>"; };
A100000A /* TaskQueueView.swift */ = {isa = PBXFileReference; lastKnownFileType = sourcecode.swift; path = TaskQueueView.swift; sourceTree = "<group>"; };
A100000C /* ExecutionLogsView.swift */ = {isa = PBXFileReference; lastKnownFileType = sourcecode.swift; path = ExecutionLogsView.swift; sourceTree = "<group>"; };
A100000D /* Info.plist */ = {isa = PBXFileReference; lastKnownFileType = text.plist.xml; path = Info.plist; sourceTree = "<group>"; };
A100000E /* DiscordSender.app */ = {isa = PBXFileReference; explicitFileType = wrapper.application; includeInIndex = 0; path = DiscordSender.app; sourceTree = BUILT_PRODUCTS_DIR; };
/* End PBXFileReference section */

/* Begin PBXFrameworksBuildPhase section */
A100000F /* Frameworks */ = {isa = PBXFrameworksBuildPhase; buildActionMask = 2147483647; files = (); runOnlyForDeploymentPostprocessing = 0; };
/* End PBXFrameworksBuildPhase section */

/* Begin PBXGroup section */
A1000010 /* DiscordSender */ = {isa = PBXGroup; children = (A1000002, A1000004, A1000006, A1000008, A100000A, A100000C, A100000D); sourceTree = "<group>"; };
A1000011 /* Products */ = {isa = PBXGroup; children = (A100000E); name = Products; sourceTree = "<group>"; };
A1000012 /* DiscordSender */ = {isa = PBXGroup; children = (A1000010, A1000011); sourceTree = "<group>"; };
/* End PBXGroup section */

/* Begin PBXNativeTarget section */
A1000013 /* DiscordSender */ = {isa = PBXNativeTarget; buildConfigurationList = A1000014; buildPhases = (A1000015, A100000F); buildRules = (); dependencies = (); name = DiscordSender; productName = DiscordSender; productReference = A100000E; productType = "com.apple.product-type.application"; };
/* End PBXNativeTarget section */

/* Begin PBXProject section */
A1000016 /* Project object */ = {isa = PBXProject; attributes = {BuildIndependentTargetsInParallel = 1; LastUpgradeCheck = 1500; TargetAttributes = {A1000013 = {CreatedOnToolsVersion = 15.0; }; }; }; buildConfigurationList = A1000017; compatibilityVersion = "Xcode 14.0"; developmentRegion = en; hasScannedForEncodings = 0; knownRegions = (en); mainGroup = A1000012; projectDirPath = ""; projectRoot = ""; targets = (A1000013); };
/* End PBXProject section */

/* Begin PBXSourcesBuildPhase section */
A1000015 /* Sources */ = {isa = PBXSourcesBuildPhase; buildActionMask = 2147483647; files = (A1000001, A1000003, A1000005, A1000007, A1000009, A100000B); runOnlyForDeploymentPostprocessing = 0; };
/* End PBXSourcesBuildPhase section */

/* Begin XCBuildConfiguration section */
A1000018 /* Debug */ = {isa = XCBuildConfiguration; buildSettings = {ALWAYS_SEARCH_USER_PATHS = NO; CLANG_ANALYZER_NONNULL = YES; CLANG_CXX_LANGUAGE_DIALECT = "c++20"; CLANG_ENABLE_OBJC_ARC = YES; CLANG_WARN_EMPTY_BODY = YES; CODE_SIGN_STYLE = Automatic; CURRENT_PROJECT_VERSION = 1; DEVELOPMENT_TEAM = Y75T79946S; GENERATE_INFOPLIST_FILE = YES; INFOPLIST_FILE = Info.plist; IPHONEOS_DEPLOYMENT_TARGET = 14.0; LD_RUNPATH_SEARCH_PATHS = "$(inherited) @executable_path/Frameworks"; MARKETING_VERSION = 1.0; PRODUCT_BUNDLE_IDENTIFIER = com.sinotruk.cnhtc.discordsender; PRODUCT_NAME = "$(TARGET_NAME)"; SDKROOT = iphoneos; SWIFT_EMIT_LOC_STRINGS = YES; SWIFT_VERSION = 5.0; TARGETED_DEVICE_FAMILY = "1,2"; }; name = Debug; };
A1000019 /* Release */ = {isa = XCBuildConfiguration; buildSettings = {ALWAYS_SEARCH_USER_PATHS = NO; CLANG_ANALYZER_NONNULL = YES; CLANG_CXX_LANGUAGE_DIALECT = "c++20"; CLANG_ENABLE_OBJC_ARC = YES; CLANG_WARN_EMPTY_BODY = YES; CODE_SIGN_STYLE = Automatic; CURRENT_PROJECT_VERSION = 1; DEVELOPMENT_TEAM = Y75T79946S; GENERATE_INFOPLIST_FILE = YES; INFOPLIST_FILE = Info.plist; IPHONEOS_DEPLOYMENT_TARGET = 14.0; LD_RUNPATH_SEARCH_PATHS = "$(inherited) @executable_path/Frameworks"; MARKETING_VERSION = 1.0; PRODUCT_BUNDLE_IDENTIFIER = com.sinotruk.cnhtc.discordsender; PRODUCT_NAME = "$(TARGET_NAME)"; SDKROOT = iphoneos; SWIFT_EMIT_LOC_STRINGS = YES; SWIFT_VERSION = 5.0; TARGETED_DEVICE_FAMILY = "1,2"; }; name = Release; };
A100001A /* Debug */ = {isa = XCBuildConfiguration; buildSettings = {ALWAYS_SEARCH_USER_PATHS = NO; CLANG_ANALYZER_NONNULL = YES; CLANG_CXX_LANGUAGE_DIALECT = "c++20"; CLANG_ENABLE_OBJC_ARC = YES; DEBUG_INFORMATION_FORMAT = dwarf; GCC_OPTIMIZATION_LEVEL = 0; SDKROOT = iphoneos; SWIFT_ACTIVE_COMPILATION_CONDITIONS = DEBUG; SWIFT_OPTIMIZATION_LEVEL = "-Onone"; }; name = Debug; };
A100001B /* Release */ = {isa = XCBuildConfiguration; buildSettings = {ALWAYS_SEARCH_USER_PATHS = NO; CLANG_ANALYZER_NONNULL = YES; CLANG_CXX_LANGUAGE_DIALECT = "c++20"; CLANG_ENABLE_OBJC_ARC = YES; DEBUG_INFORMATION_FORMAT = "dwarf-with-dsym"; SDKROOT = iphoneos; SWIFT_OPTIMIZATION_LEVEL = "-O"; }; name = Release; };
/* End XCBuildConfiguration section */

/* Begin XCConfigurationList section */
A1000014 /* Build configuration list for PBXNativeTarget "DiscordSender" */ = {isa = XCConfigurationList; buildConfigurations = (A1000018, A1000019); defaultConfigurationIsVisible = 0; defaultConfigurationName = Release; };
A1000017 /* Build configuration list for PBXProject "DiscordSender" */ = {isa = XCConfigurationList; buildConfigurations = (A100001A, A100001B); defaultConfigurationIsVisible = 0; defaultConfigurationName = Release; };
/* End XCConfigurationList section */
};
rootObject = A1000016;
}
